
Microsoft Visual Studio Solution File, Format Version 12.00
# Visual Studio Version 16
VisualStudioVersion = 16.0.28803.156
MinimumVisualStudioVersion = 10.0.40219.1
Project("{FAE04EC0-301F-11D3-BF4B-00C04F79EFBC}") = "CellPhoneHistoryDLL", "CellPhoneHistoryDLL\CellPhoneHistoryDLL.csproj", "{CC26173F-8AD3-4074-A1A3-2D26BA316364}"
EndProject
Global
	GlobalSection(SolutionConfigurationPlatforms) = preSolution
		Debug|Any CPU = Debug|Any CPU
		Release|Any CPU = Release|Any CPU
	EndGlobalSection
	GlobalSection(ProjectConfigurationPlatforms) = postSolution
		{CC26173F-8AD3-4074-A1A3-2D26BA316364}.Debug|Any CPU.ActiveCfg = Debug|Any CPU
		{CC26173F-8AD3-4074-A1A3-2D26BA316364}.Debug|Any CPU.Build.0 = Debug|Any CPU
		{CC26173F-8AD3-4074-A1A3-2D26BA316364}.Release|Any CPU.ActiveCfg = Release|Any CPU
		{CC26173F-8AD3-4074-A1A3-2D26BA316364}.Release|Any CPU.Build.0 = Release|Any CPU
	EndGlobalSection
	GlobalSection(SolutionProperties) = preSolution
		HideSolutionNode = FALSE
	EndGlobalSection
	GlobalSection(ExtensibilityGlobals) = postSolution
		SolutionGuid = {DB8C80F4-D63E-4848-AC09-61CAE1E00332}
	EndGlobalSection
EndGlobal
